
Microsoft Visual Studio Solution File, Format Version 12.00
# Visual Studio Version 17
VisualStudioVersion = 17.4.33205.214
MinimumVisualStudioVersion = 10.0.40219.1
Project("{FAE04EC0-301F-11D3-BF4B-00C04F79EFBC}") = "SheriffOfNottinghamConsole", "SheriffOfNottinghamConsole\SheriffOfNottinghamConsole.csproj", "{EC99DB43-E296-4144-957F-B16CA8AE81D9}"
EndProject
Global
	GlobalSection(SolutionConfigurationPlatforms) = preSolution
		Debug|Any CPU = Debug|Any CPU
		Release|Any CPU = Release|Any CPU
	EndGlobalSection
	GlobalSection(ProjectConfigurationPlatforms) = postSolution
		{EC99DB43-E296-4144-957F-B16CA8AE81D9}.Debug|Any CPU.ActiveCfg = Debug|Any CPU
		{EC99DB43-E296-4144-957F-B16CA8AE81D9}.Debug|Any CPU.Build.0 = Debug|Any CPU
		{EC99DB43-E296-4144-957F-B16CA8AE81D9}.Release|Any CPU.ActiveCfg = Release|Any CPU
		{EC99DB43-E296-4144-957F-B16CA8AE81D9}.Release|Any CPU.Build.0 = Release|Any CPU
	EndGlobalSection
	GlobalSection(SolutionProperties) = preSolution
		HideSolutionNode = FALSE
	EndGlobalSection
	GlobalSection(ExtensibilityGlobals) = postSolution
		SolutionGuid = {A3057C2F-566A-4140-9D92-F73D9B673416}
	EndGlobalSection
EndGlobal
